Microsoft Visual Studio Solution File, Format Version 12.00
# Visual Studio Version 17
VisualStudioVersion = 17.5.2.0
MinimumVisualStudioVersion = 10.0.40219.1
Project("{2150E333-8FDC-42A3-9474-1A3956D46DE8}") = "contracts", "contracts", "{A73F2606-6D4C-3EEE-1759-0E59DCFEF523}"
EndProject
Project("{2150E333-8FDC-42A3-9474-1A3956D46DE8}") = "examples", "examples", "{B36A84DF-456D-A817-6EDD-3EC3E7F6E11F}"
EndProject
Project("{FAE04EC0-301F-11D3-BF4B-00C04F79EFBC}") = "MorpheusDataFeed", "contracts\MorpheusDataFeed\MorpheusDataFeed.csproj", "{1B8F1F7B-14F7-3E46-115D-F2DBE04988F5}"
EndProject
Project("{FAE04EC0-301F-11D3-BF4B-00C04F79EFBC}") = "MorpheusOracle", "contracts\MorpheusOracle\MorpheusOracle.csproj", "{0A98D318-ABA1-62AB-4045-101476F61231}"
EndProject
Project("{2150E333-8FDC-42A3-9474-1A3956D46DE8}") = "__tests__", "__tests__", "{51A8309D-73AC-47FC-A1EC-3E9405A21252}"
EndProject
Project("{FAE04EC0-301F-11D3-BF4B-00C04F79EFBC}") = "NeoContracts.Tests", "contracts\__tests__\NeoContracts.Tests.csproj", "{29402E5E-43B4-3F37-D6BC-CBD84A995273}"
EndProject
Project("{FAE04EC0-301F-11D3-BF4B-00C04F79EFBC}") = "NeoDIDRegistry", "contracts\NeoDIDRegistry\NeoDIDRegistry.csproj", "{E012D6D4-411E-DB8D-C34B-E25978A30782}"
EndProject
Project("{FAE04EC0-301F-11D3-BF4B-00C04F79EFBC}") = "OracleCallbackConsumer", "contracts\OracleCallbackConsumer\OracleCallbackConsumer.csproj", "{AE5D72D4-38FC-3529-FA8A-D377BC0C21A9}"
EndProject
Project("{2150E333-8FDC-42A3-9474-1A3956D46DE8}") = "contracts", "contracts", "{C7B6838A-0E55-4FA9-990C-604E3B009AB8}"
EndProject
Project("{2150E333-8FDC-42A3-9474-1A3956D46DE8}") = "n3", "n3", "{BF86C2A9-5A0C-DF98-5B3F-2E9E5A5EEDC3}"
EndProject
Project("{FAE04EC0-301F-11D3-BF4B-00C04F79EFBC}") = "UserConsumerN3", "examples\contracts\n3\UserConsumerN3.csproj", "{68794B55-F32A-95A0-D2B7-C5B67F45363B}"
EndProject
Project("{FAE04EC0-301F-11D3-BF4B-00C04F79EFBC}") = "FeedReaderN3", "examples\contracts\n3\FeedReaderN3.csproj", "{CD668A2C-96B5-129B-05E5-2CA96DF5E721}"
EndProject
Global
	GlobalSection(SolutionConfigurationPlatforms) = preSolution
		Debug|Any CPU = Debug|Any CPU
		Release|Any CPU = Release|Any CPU
	EndGlobalSection
	GlobalSection(ProjectConfigurationPlatforms) = postSolution
		{1B8F1F7B-14F7-3E46-115D-F2DBE04988F5}.Debug|Any CPU.ActiveCfg = Debug|Any CPU
		{1B8F1F7B-14F7-3E46-115D-F2DBE04988F5}.Debug|Any CPU.Build.0 = Debug|Any CPU
		{1B8F1F7B-14F7-3E46-115D-F2DBE04988F5}.Release|Any CPU.ActiveCfg = Release|Any CPU
		{1B8F1F7B-14F7-3E46-115D-F2DBE04988F5}.Release|Any CPU.Build.0 = Release|Any CPU
		{0A98D318-ABA1-62AB-4045-101476F61231}.Debug|Any CPU.ActiveCfg = Debug|Any CPU
		{0A98D318-ABA1-62AB-4045-101476F61231}.Debug|Any CPU.Build.0 = Debug|Any CPU
		{0A98D318-ABA1-62AB-4045-101476F61231}.Release|Any CPU.ActiveCfg = Release|Any CPU
		{0A98D318-ABA1-62AB-4045-101476F61231}.Release|Any CPU.Build.0 = Release|Any CPU
		{29402E5E-43B4-3F37-D6BC-CBD84A995273}.Debug|Any CPU.ActiveCfg = Debug|Any CPU
		{29402E5E-43B4-3F37-D6BC-CBD84A995273}.Debug|Any CPU.Build.0 = Debug|Any CPU
		{29402E5E-43B4-3F37-D6BC-CBD84A995273}.Release|Any CPU.ActiveCfg = Release|Any CPU
		{29402E5E-43B4-3F37-D6BC-CBD84A995273}.Release|Any CPU.Build.0 = Release|Any CPU
		{E012D6D4-411E-DB8D-C34B-E25978A30782}.Debug|Any CPU.ActiveCfg = Debug|Any CPU
		{E012D6D4-411E-DB8D-C34B-E25978A30782}.Debug|Any CPU.Build.0 = Debug|Any CPU
		{E012D6D4-411E-DB8D-C34B-E25978A30782}.Release|Any CPU.ActiveCfg = Release|Any CPU
		{E012D6D4-411E-DB8D-C34B-E25978A30782}.Release|Any CPU.Build.0 = Release|Any CPU
		{AE5D72D4-38FC-3529-FA8A-D377BC0C21A9}.Debug|Any CPU.ActiveCfg = Debug|Any CPU
		{AE5D72D4-38FC-3529-FA8A-D377BC0C21A9}.Debug|Any CPU.Build.0 = Debug|Any CPU
		{AE5D72D4-38FC-3529-FA8A-D377BC0C21A9}.Release|Any CPU.ActiveCfg = Release|Any CPU
		{AE5D72D4-38FC-3529-FA8A-D377BC0C21A9}.Release|Any CPU.Build.0 = Release|Any CPU
		{68794B55-F32A-95A0-D2B7-C5B67F45363B}.Debug|Any CPU.ActiveCfg = Debug|Any CPU
		{68794B55-F32A-95A0-D2B7-C5B67F45363B}.Debug|Any CPU.Build.0 = Debug|Any CPU
		{68794B55-F32A-95A0-D2B7-C5B67F45363B}.Release|Any CPU.ActiveCfg = Release|Any CPU
		{68794B55-F32A-95A0-D2B7-C5B67F45363B}.Release|Any CPU.Build.0 = Release|Any CPU
		{CD668A2C-96B5-129B-05E5-2CA96DF5E721}.Debug|Any CPU.ActiveCfg = Debug|Any CPU
		{CD668A2C-96B5-129B-05E5-2CA96DF5E721}.Debug|Any CPU.Build.0 = Debug|Any CPU
		{CD668A2C-96B5-129B-05E5-2CA96DF5E721}.Release|Any CPU.ActiveCfg = Release|Any CPU
		{CD668A2C-96B5-129B-05E5-2CA96DF5E721}.Release|Any CPU.Build.0 = Release|Any CPU
	EndGlobalSection
	GlobalSection(SolutionProperties) = preSolution
		HideSolutionNode = FALSE
	EndGlobalSection
	GlobalSection(NestedProjects) = preSolution
		{1B8F1F7B-14F7-3E46-115D-F2DBE04988F5} = {A73F2606-6D4C-3EEE-1759-0E59DCFEF523}
		{0A98D318-ABA1-62AB-4045-101476F61231} = {A73F2606-6D4C-3EEE-1759-0E59DCFEF523}
		{51A8309D-73AC-47FC-A1EC-3E9405A21252} = {A73F2606-6D4C-3EEE-1759-0E59DCFEF523}
		{29402E5E-43B4-3F37-D6BC-CBD84A995273} = {51A8309D-73AC-47FC-A1EC-3E9405A21252}
		{E012D6D4-411E-DB8D-C34B-E25978A30782} = {A73F2606-6D4C-3EEE-1759-0E59DCFEF523}
		{AE5D72D4-38FC-3529-FA8A-D377BC0C21A9} = {A73F2606-6D4C-3EEE-1759-0E59DCFEF523}
		{C7B6838A-0E55-4FA9-990C-604E3B009AB8} = {B36A84DF-456D-A817-6EDD-3EC3E7F6E11F}
		{BF86C2A9-5A0C-DF98-5B3F-2E9E5A5EEDC3} = {C7B6838A-0E55-4FA9-990C-604E3B009AB8}
		{68794B55-F32A-95A0-D2B7-C5B67F45363B} = {BF86C2A9-5A0C-DF98-5B3F-2E9E5A5EEDC3}
		{CD668A2C-96B5-129B-05E5-2CA96DF5E721} = {BF86C2A9-5A0C-DF98-5B3F-2E9E5A5EEDC3}
	EndGlobalSection
	GlobalSection(ExtensibilityGlobals) = postSolution
		SolutionGuid = {E252BE4B-C6FB-4F5F-9758-17A8777F94B5}
	EndGlobalSection
EndGlobal
