github.com/fxamacker/cbor/v2 v2.2.0 h1:6eXqdDDe588rSYAi1HfZKbx6YYQO4mxQ9eC6xYpU/JQ=
github.com/fxamacker/cbor/v2 v2.2.0/go.mod h1:TA1xS00nchWmaBnEIxPSE5oHLuJBAVvqrtAnWBwBCVo=
github.com/hf/nsm v0.0.0-20220930140112-cd181bd646b9 h1:pU32bJGmZwF4WXb9Yaz0T8vHDtIPVxqDOdmYdwTQPqw=
github.com/hf/nsm v0.0.0-20220930140112-cd181bd646b9/go.mod h1:MJsac5D0fKcNWfriUERtln6segcGfD6Nu0V5uGBbPf8=
github.com/x448/float16 v0.8.4 h1:qLwI1I70+NjRFUR3zs1JPUCgaCXSh3SW62uAKT1mSBM=
github.com/x448/float16 v0.8.4/go.mod h1:14CWIYCyZA/cWjXOioeEpHeN/83MdbZDRQHoFcYsOfg=
golang.org/x/lint v0.0.0-20201208152925-83fdc39ff7b5 h1:2M3HP5CCK1Si9FQhwnzYhXdG6DXeebvUHFpre8QvbyI=
golang.org/x/lint v0.0.0-20201208152925-83fdc39ff7b5/go.mod h1:3xt1FjdF8hUf6vQPIChWIBhFzV8gjjsPE/fR3IyQdNY=
golang.org/x/tools v0.0.0-20210105210202-9ed45478a130 h1:8qSBr5nyKsEgkP918Pu5FFDZpTtLIjXSo6mrtdVOFfk=
golang.org/x/tools v0.0.0-20210105210202-9ed45478a130/go.mod h1:emZCQorbCU4vsT4fOWvOPXz4eW1wZW4PmDk9uLelYpA=
